
Microsoft Visual Studio Solution File, Format Version 12.00
# Visual Studio 15
VisualStudioVersion = 15.0.27130.2026
MinimumVisualStudioVersion = 10.0.40219.1
Project("{2150E333-8FDC-42A3-9474-1A3956D46DE8}") = "testing", "testing", "{0FC66524-0EE2-410C-B971-97170166D2D6}"
EndProject
Project("{9A19103F-16F7-4668-BE54-9A1E7A4F7556}") = "Azos.Amazon.S3", "Azos.Amazon.S3\Azos.Amazon.S3.csproj", "{C3325EE0-8703-451C-BE79-1287B1781976}"
EndProject
Project("{9A19103F-16F7-4668-BE54-9A1E7A4F7556}") = "Azos.Google.Drive", "Azos.Google.Drive\Azos.Google.Drive.csproj", "{16288AF9-3AC1-4C3C-B4F4-98359AFD1FCF}"
EndProject
Global
	GlobalSection(SolutionConfigurationPlatforms) = preSolution
		Debug|Any CPU = Debug|Any CPU
		Release|Any CPU = Release|Any CPU
	EndGlobalSection
	GlobalSection(ProjectConfigurationPlatforms) = postSolution
		{C3325EE0-8703-451C-BE79-1287B1781976}.Debug|Any CPU.ActiveCfg = Debug|Any CPU
		{C3325EE0-8703-451C-BE79-1287B1781976}.Debug|Any CPU.Build.0 = Debug|Any CPU
		{C3325EE0-8703-451C-BE79-1287B1781976}.Release|Any CPU.ActiveCfg = Release|Any CPU
		{C3325EE0-8703-451C-BE79-1287B1781976}.Release|Any CPU.Build.0 = Release|Any CPU
		{16288AF9-3AC1-4C3C-B4F4-98359AFD1FCF}.Debug|Any CPU.ActiveCfg = Debug|Any CPU
		{16288AF9-3AC1-4C3C-B4F4-98359AFD1FCF}.Debug|Any CPU.Build.0 = Debug|Any CPU
		{16288AF9-3AC1-4C3C-B4F4-98359AFD1FCF}.Release|Any CPU.ActiveCfg = Release|Any CPU
		{16288AF9-3AC1-4C3C-B4F4-98359AFD1FCF}.Release|Any CPU.Build.0 = Release|Any CPU
	EndGlobalSection
	GlobalSection(SolutionProperties) = preSolution
		HideSolutionNode = FALSE
	EndGlobalSection
	GlobalSection(ExtensibilityGlobals) = postSolution
		SolutionGuid = {75EF590C-FE75-45E7-B941-B225EF484F5F}
	EndGlobalSection
EndGlobal
